
Microsoft Visual Studio Solution File, Format Version 12.00
# Visual Studio 14
VisualStudioVersion = 14.0.24720.0
MinimumVisualStudioVersion = 10.0.40219.1
Project("{FAE04EC0-301F-11D3-BF4B-00C04F79EFBC}") = "AmpedBiz.Common", "AmpedBiz.Common\AmpedBiz.Common.csproj", "{B7363F6D-0C87-4352-98CC-8798C968E7B5}"
EndProject
Project("{FAE04EC0-301F-11D3-BF4B-00C04F79EFBC}") = "AmpedBiz.Data", "AmpedBiz.Data\AmpedBiz.Data.csproj", "{8EB5C9F9-C188-4F56-9FD1-9AEAE6A9A177}"
EndProject
Project("{FAE04EC0-301F-11D3-BF4B-00C04F79EFBC}") = "AmpedBiz.Service", "AmpedBiz.Service\AmpedBiz.Service.csproj", "{83FA9462-8A6F-417B-8575-5B1CA054DBCF}"
EndProject
Project("{FAE04EC0-301F-11D3-BF4B-00C04F79EFBC}") = "AmpedBiz.Service.Host", "AmpedBiz.Service.Host\AmpedBiz.Service.Host.csproj", "{EEC4D7F9-9FD5-41D1-900F-565057FE61FE}"
EndProject
Project("{FAE04EC0-301F-11D3-BF4B-00C04F79EFBC}") = "AmpedBiz.Core", "AmpedBiz.Core\AmpedBiz.Core.csproj", "{884D49EA-500B-4AD5-995A-22E48558B1F9}"
EndProject
Project("{2150E333-8FDC-42A3-9474-1A3956D46DE8}") = ".scripts", ".scripts", "{8343114E-1A60-450B-BB0E-1F6D0507B35F}"
	ProjectSection(SolutionItems) = preProject
		create_db.cmd = create_db.cmd
	EndProjectSection
EndProject
Project("{2150E333-8FDC-42A3-9474-1A3956D46DE8}") = "sql", "sql", "{D73BF1EE-C7B6-430B-AD2A-9F1F307D6242}"
	ProjectSection(SolutionItems) = preProject
		create_db.sql = create_db.sql
		postgres_alter_superuser_password.sql = postgres_alter_superuser_password.sql
	EndProjectSection
EndProject
Project("{2150E333-8FDC-42A3-9474-1A3956D46DE8}") = ".readme", ".readme", "{E1AAC675-3692-4A6C-84EA-09F5FC33167D}"
	ProjectSection(SolutionItems) = preProject
		postgres_dev_login_credential_recovery.txt = postgres_dev_login_credential_recovery.txt
	EndProjectSection
EndProject
Global
	GlobalSection(SolutionConfigurationPlatforms) = preSolution
		Debug|Any CPU = Debug|Any CPU
		Release|Any CPU = Release|Any CPU
	EndGlobalSection
	GlobalSection(ProjectConfigurationPlatforms) = postSolution
		{B7363F6D-0C87-4352-98CC-8798C968E7B5}.Debug|Any CPU.ActiveCfg = Debug|Any CPU
		{B7363F6D-0C87-4352-98CC-8798C968E7B5}.Debug|Any CPU.Build.0 = Debug|Any CPU
		{B7363F6D-0C87-4352-98CC-8798C968E7B5}.Release|Any CPU.ActiveCfg = Release|Any CPU
		{B7363F6D-0C87-4352-98CC-8798C968E7B5}.Release|Any CPU.Build.0 = Release|Any CPU
		{8EB5C9F9-C188-4F56-9FD1-9AEAE6A9A177}.Debug|Any CPU.ActiveCfg = Debug|Any CPU
		{8EB5C9F9-C188-4F56-9FD1-9AEAE6A9A177}.Debug|Any CPU.Build.0 = Debug|Any CPU
		{8EB5C9F9-C188-4F56-9FD1-9AEAE6A9A177}.Release|Any CPU.ActiveCfg = Release|Any CPU
		{8EB5C9F9-C188-4F56-9FD1-9AEAE6A9A177}.Release|Any CPU.Build.0 = Release|Any CPU
		{83FA9462-8A6F-417B-8575-5B1CA054DBCF}.Debug|Any CPU.ActiveCfg = Debug|Any CPU
		{83FA9462-8A6F-417B-8575-5B1CA054DBCF}.Debug|Any CPU.Build.0 = Debug|Any CPU
		{83FA9462-8A6F-417B-8575-5B1CA054DBCF}.Release|Any CPU.ActiveCfg = Release|Any CPU
		{83FA9462-8A6F-417B-8575-5B1CA054DBCF}.Release|Any CPU.Build.0 = Release|Any CPU
		{EEC4D7F9-9FD5-41D1-900F-565057FE61FE}.Debug|Any CPU.ActiveCfg = Debug|Any CPU
		{EEC4D7F9-9FD5-41D1-900F-565057FE61FE}.Debug|Any CPU.Build.0 = Debug|Any CPU
		{EEC4D7F9-9FD5-41D1-900F-565057FE61FE}.Release|Any CPU.ActiveCfg = Release|Any CPU
		{EEC4D7F9-9FD5-41D1-900F-565057FE61FE}.Release|Any CPU.Build.0 = Release|Any CPU
		{884D49EA-500B-4AD5-995A-22E48558B1F9}.Debug|Any CPU.ActiveCfg = Debug|Any CPU
		{884D49EA-500B-4AD5-995A-22E48558B1F9}.Debug|Any CPU.Build.0 = Debug|Any CPU
		{884D49EA-500B-4AD5-995A-22E48558B1F9}.Release|Any CPU.ActiveCfg = Release|Any CPU
		{884D49EA-500B-4AD5-995A-22E48558B1F9}.Release|Any CPU.Build.0 = Release|Any CPU
	EndGlobalSection
	GlobalSection(SolutionProperties) = preSolution
		HideSolutionNode = FALSE
	EndGlobalSection
	GlobalSection(NestedProjects) = preSolution
		{D73BF1EE-C7B6-430B-AD2A-9F1F307D6242} = {8343114E-1A60-450B-BB0E-1F6D0507B35F}
	EndGlobalSection
EndGlobal
