
Microsoft Visual Studio Solution File, Format Version 12.00
# Visual Studio 14
VisualStudioVersion = 14.0.25420.1
MinimumVisualStudioVersion = 10.0.40219.1
Project("{FAE04EC0-301F-11D3-BF4B-00C04F79EFBC}") = "AmpedBiz.Common", "AmpedBiz.Common\AmpedBiz.Common.csproj", "{B7363F6D-0C87-4352-98CC-8798C968E7B5}"
EndProject
Project("{FAE04EC0-301F-11D3-BF4B-00C04F79EFBC}") = "AmpedBiz.Data", "AmpedBiz.Data\AmpedBiz.Data.csproj", "{8EB5C9F9-C188-4F56-9FD1-9AEAE6A9A177}"
EndProject
Project("{FAE04EC0-301F-11D3-BF4B-00C04F79EFBC}") = "AmpedBiz.Service", "AmpedBiz.Service\AmpedBiz.Service.csproj", "{83FA9462-8A6F-417B-8575-5B1CA054DBCF}"
EndProject
Project("{FAE04EC0-301F-11D3-BF4B-00C04F79EFBC}") = "AmpedBiz.Core", "AmpedBiz.Core\AmpedBiz.Core.csproj", "{884D49EA-500B-4AD5-995A-22E48558B1F9}"
EndProject
Project("{FAE04EC0-301F-11D3-BF4B-00C04F79EFBC}") = "AmpedBiz.Tests", "AmpedBiz.Tests\AmpedBiz.Tests.csproj", "{067456C0-086C-46A8-B37F-1405717B7BFC}"
EndProject
Project("{2150E333-8FDC-42A3-9474-1A3956D46DE8}") = "Build", "Build", "{70BE7ED3-4A64-47C4-96DB-9B96FA08846D}"
	ProjectSection(SolutionItems) = preProject
		build.cake = build.cake
		build.ps1 = build.ps1
		cake.config = cake.config
	EndProjectSection
EndProject
Project("{FAE04EC0-301F-11D3-BF4B-00C04F79EFBC}") = "AmpedBiz.Service.Host", "AmpedBiz.Service.Host\AmpedBiz.Service.Host.csproj", "{EEC4D7F9-9FD5-41D1-900F-565057FE61FE}"
EndProject
Project("{2150E333-8FDC-42A3-9474-1A3956D46DE8}") = "PublishSettings", "PublishSettings", "{1325C04C-6DA2-4D55-93A3-CF871C1F138E}"
	ProjectSection(SolutionItems) = preProject
		.settings\PublishSettings\ampbiz-api.publishsettings.xml = .settings\PublishSettings\ampbiz-api.publishsettings.xml
		.settings\PublishSettings\ampbiz.publishsettings.xml = .settings\PublishSettings\ampbiz.publishsettings.xml
	EndProjectSection
EndProject
Project("{2150E333-8FDC-42A3-9474-1A3956D46DE8}") = ".settings", ".settings", "{41FDA416-8041-40EE-A524-003221C39330}"
EndProject
Project("{2150E333-8FDC-42A3-9474-1A3956D46DE8}") = "DatabaseConfigs", "DatabaseConfigs", "{BC11990C-B580-4CBB-BF7D-A247CE0DCE04}"
	ProjectSection(SolutionItems) = preProject
		.settings\DatabaseConfigs\database.config.json = .settings\DatabaseConfigs\database.config.json
		.settings\DatabaseConfigs\database.local.mssql.config.json = .settings\DatabaseConfigs\database.local.mssql.config.json
		.settings\DatabaseConfigs\database.local.mysql.config.json = .settings\DatabaseConfigs\database.local.mysql.config.json
		.settings\DatabaseConfigs\database.local.postgres.config.json = .settings\DatabaseConfigs\database.local.postgres.config.json
		.settings\DatabaseConfigs\database.ref.config.json = .settings\DatabaseConfigs\database.ref.config.json
		.settings\DatabaseConfigs\database.staging.gear.host.config.json = .settings\DatabaseConfigs\database.staging.gear.host.config.json
		.settings\DatabaseConfigs\database.staging.mywindowshosting.config.json = .settings\DatabaseConfigs\database.staging.mywindowshosting.config.json
	EndProjectSection
EndProject
Global
	GlobalSection(SolutionConfigurationPlatforms) = preSolution
		Debug|Any CPU = Debug|Any CPU
		Release|Any CPU = Release|Any CPU
	EndGlobalSection
	GlobalSection(ProjectConfigurationPlatforms) = postSolution
		{B7363F6D-0C87-4352-98CC-8798C968E7B5}.Debug|Any CPU.ActiveCfg = Debug|Any CPU
		{B7363F6D-0C87-4352-98CC-8798C968E7B5}.Debug|Any CPU.Build.0 = Debug|Any CPU
		{B7363F6D-0C87-4352-98CC-8798C968E7B5}.Release|Any CPU.ActiveCfg = Release|Any CPU
		{B7363F6D-0C87-4352-98CC-8798C968E7B5}.Release|Any CPU.Build.0 = Release|Any CPU
		{8EB5C9F9-C188-4F56-9FD1-9AEAE6A9A177}.Debug|Any CPU.ActiveCfg = Debug|Any CPU
		{8EB5C9F9-C188-4F56-9FD1-9AEAE6A9A177}.Debug|Any CPU.Build.0 = Debug|Any CPU
		{8EB5C9F9-C188-4F56-9FD1-9AEAE6A9A177}.Release|Any CPU.ActiveCfg = Release|Any CPU
		{8EB5C9F9-C188-4F56-9FD1-9AEAE6A9A177}.Release|Any CPU.Build.0 = Release|Any CPU
		{83FA9462-8A6F-417B-8575-5B1CA054DBCF}.Debug|Any CPU.ActiveCfg = Debug|Any CPU
		{83FA9462-8A6F-417B-8575-5B1CA054DBCF}.Debug|Any CPU.Build.0 = Debug|Any CPU
		{83FA9462-8A6F-417B-8575-5B1CA054DBCF}.Release|Any CPU.ActiveCfg = Release|Any CPU
		{83FA9462-8A6F-417B-8575-5B1CA054DBCF}.Release|Any CPU.Build.0 = Release|Any CPU
		{884D49EA-500B-4AD5-995A-22E48558B1F9}.Debug|Any CPU.ActiveCfg = Debug|Any CPU
		{884D49EA-500B-4AD5-995A-22E48558B1F9}.Debug|Any CPU.Build.0 = Debug|Any CPU
		{884D49EA-500B-4AD5-995A-22E48558B1F9}.Release|Any CPU.ActiveCfg = Release|Any CPU
		{884D49EA-500B-4AD5-995A-22E48558B1F9}.Release|Any CPU.Build.0 = Release|Any CPU
		{067456C0-086C-46A8-B37F-1405717B7BFC}.Debug|Any CPU.ActiveCfg = Debug|Any CPU
		{067456C0-086C-46A8-B37F-1405717B7BFC}.Debug|Any CPU.Build.0 = Debug|Any CPU
		{067456C0-086C-46A8-B37F-1405717B7BFC}.Release|Any CPU.ActiveCfg = Release|Any CPU
		{067456C0-086C-46A8-B37F-1405717B7BFC}.Release|Any CPU.Build.0 = Release|Any CPU
		{EEC4D7F9-9FD5-41D1-900F-565057FE61FE}.Debug|Any CPU.ActiveCfg = Debug|Any CPU
		{EEC4D7F9-9FD5-41D1-900F-565057FE61FE}.Debug|Any CPU.Build.0 = Debug|Any CPU
		{EEC4D7F9-9FD5-41D1-900F-565057FE61FE}.Release|Any CPU.ActiveCfg = Release|Any CPU
		{EEC4D7F9-9FD5-41D1-900F-565057FE61FE}.Release|Any CPU.Build.0 = Release|Any CPU
	EndGlobalSection
	GlobalSection(SolutionProperties) = preSolution
		HideSolutionNode = FALSE
	EndGlobalSection
	GlobalSection(NestedProjects) = preSolution
		{1325C04C-6DA2-4D55-93A3-CF871C1F138E} = {41FDA416-8041-40EE-A524-003221C39330}
		{BC11990C-B580-4CBB-BF7D-A247CE0DCE04} = {41FDA416-8041-40EE-A524-003221C39330}
	EndGlobalSection
EndGlobal
